
Microsoft Visual Studio Solution File, Format Version 12.00
# Visual Studio 15
VisualStudioVersion = 15.0.27703.2000
MinimumVisualStudioVersion = 10.0.40219.1
Project("{FAE04EC0-301F-11D3-BF4B-00C04F79EFBC}") = "YSAPI.Service", "YSAPI.Service\YSAPI.Service.csproj", "{415D4F8F-690E-4D30-85C4-DC443FFA0150}"
EndProject
Project("{FAE04EC0-301F-11D3-BF4B-00C04F79EFBC}") = "YSAPI.UnitTest", "YSAPI.UnitTest\YSAPI.UnitTest.csproj", "{DF706084-282F-41C5-9BAB-E947F74CA1E1}"
EndProject
Project("{FAE04EC0-301F-11D3-BF4B-00C04F79EFBC}") = "YSAPI.Web", "YSAPI.Web\YSAPI.Web.csproj", "{A086B19C-2FB0-48D6-A81E-693CF0232C30}"
EndProject
Global
	GlobalSection(SolutionConfigurationPlatforms) = preSolution
		Debug|Any CPU = Debug|Any CPU
		Release|Any CPU = Release|Any CPU
	EndGlobalSection
	GlobalSection(ProjectConfigurationPlatforms) = postSolution
		{415D4F8F-690E-4D30-85C4-DC443FFA0150}.Debug|Any CPU.ActiveCfg = Debug|Any CPU
		{415D4F8F-690E-4D30-85C4-DC443FFA0150}.Debug|Any CPU.Build.0 = Debug|Any CPU
		{415D4F8F-690E-4D30-85C4-DC443FFA0150}.Release|Any CPU.ActiveCfg = Release|Any CPU
		{415D4F8F-690E-4D30-85C4-DC443FFA0150}.Release|Any CPU.Build.0 = Release|Any CPU
		{DF706084-282F-41C5-9BAB-E947F74CA1E1}.Debug|Any CPU.ActiveCfg = Debug|Any CPU
		{DF706084-282F-41C5-9BAB-E947F74CA1E1}.Debug|Any CPU.Build.0 = Debug|Any CPU
		{DF706084-282F-41C5-9BAB-E947F74CA1E1}.Release|Any CPU.ActiveCfg = Release|Any CPU
		{DF706084-282F-41C5-9BAB-E947F74CA1E1}.Release|Any CPU.Build.0 = Release|Any CPU
		{A086B19C-2FB0-48D6-A81E-693CF0232C30}.Debug|Any CPU.ActiveCfg = Debug|Any CPU
		{A086B19C-2FB0-48D6-A81E-693CF0232C30}.Debug|Any CPU.Build.0 = Debug|Any CPU
		{A086B19C-2FB0-48D6-A81E-693CF0232C30}.Release|Any CPU.ActiveCfg = Release|Any CPU
		{A086B19C-2FB0-48D6-A81E-693CF0232C30}.Release|Any CPU.Build.0 = Release|Any CPU
	EndGlobalSection
	GlobalSection(SolutionProperties) = preSolution
		HideSolutionNode = FALSE
	EndGlobalSection
	GlobalSection(ExtensibilityGlobals) = postSolution
		SolutionGuid = {72231C1F-207A-4789-ABD6-97254F44EB64}
	EndGlobalSection
EndGlobal
